
Microsoft Visual Studio Solution File, Format Version 12.00
# Visual Studio Version 17
VisualStudioVersion = 17.4.33213.308
MinimumVisualStudioVersion = 10.0.40219.1
Project("{FAE04EC0-301F-11D3-BF4B-00C04F79EFBC}") = "KateSchryverDeliverable1", "KateSchryverDeliverable1.csproj", "{3203DCBE-C0FE-4960-9DBF-8CA6EF18D19B}"
EndProject
Global
	GlobalSection(SolutionConfigurationPlatforms) = preSolution
		Debug|Any CPU = Debug|Any CPU
		Release|Any CPU = Release|Any CPU
	EndGlobalSection
	GlobalSection(ProjectConfigurationPlatforms) = postSolution
		{3203DCBE-C0FE-4960-9DBF-8CA6EF18D19B}.Debug|Any CPU.ActiveCfg = Debug|Any CPU
		{3203DCBE-C0FE-4960-9DBF-8CA6EF18D19B}.Debug|Any CPU.Build.0 = Debug|Any CPU
		{3203DCBE-C0FE-4960-9DBF-8CA6EF18D19B}.Release|Any CPU.ActiveCfg = Release|Any CPU
		{3203DCBE-C0FE-4960-9DBF-8CA6EF18D19B}.Release|Any CPU.Build.0 = Release|Any CPU
	EndGlobalSection
	GlobalSection(SolutionProperties) = preSolution
		HideSolutionNode = FALSE
	EndGlobalSection
	GlobalSection(ExtensibilityGlobals) = postSolution
		SolutionGuid = {82B0C103-42F1-4081-84FB-EB2DBEBD0DA7}
	EndGlobalSection
EndGlobal
